{
  "lockfile_version": "1",
  "packages": {
    "bat@latest": {
      "last_modified": "2024-12-23T21:10:33Z",
      "resolved": "github:NixOS/nixpkgs/de1864217bfa9b5845f465e771e0ecb48b30e02d#bat",
      "source": "devbox-search",
      "version": "0.24.0",
      "systems": {
        "aarch64-darwin": {
          "outputs": [
            {
              "name": "out",
              "path": "/nix/store/ji62ssis7jbfh2fb3xd5iwyj4n1cizk5-bat-0.24.0",
              "default": true
            }
          ],
          "store_path": "/nix/store/ji62ssis7jbfh2fb3xd5iwyj4n1cizk5-bat-0.24.0"
        },
        "aarch64-linux": {
          "outputs": [
            {
              "name": "out",
              "path": "/nix/store/rcq4cvwzz5z10lb2iafxz7dpqlhfz788-bat-0.24.0",
              "default": true
            }
          ],
          "store_path": "/nix/store/rcq4cvwzz5z10lb2iafxz7dpqlhfz788-bat-0.24.0"
        },
        "x86_64-darwin": {
          "outputs": [
            {
              "name": "out",
              "path": "/nix/store/hwi5ynxsvrfny50gsnws3dxr9ajybp76-bat-0.24.0",
              "default": true
            }
          ],
          "store_path": "/nix/store/hwi5ynxsvrfny50gsnws3dxr9ajybp76-bat-0.24.0"
        },
        "x86_64-linux": {
          "outputs": [
            {
              "name": "out",
              "path": "/nix/store/s01ih05das85a4w59f1fdsh1cra5svcv-bat-0.24.0",
              "default": true
            }
          ],
          "store_path": "/nix/store/s01ih05das85a4w59f1fdsh1cra5svcv-bat-0.24.0"
        }
      }
    },
    "clang@latest": {
      "last_modified": "2024-12-23T21:10:33Z",
      "resolved": "github:NixOS/nixpkgs/de1864217bfa9b5845f465e771e0ecb48b30e02d#clang",
      "source": "devbox-search",
      "version": "19.1.5",
      "systems": {
        "aarch64-darwin": {
          "outputs": [
            {
              "name": "out",
              "path": "/nix/store/wkadfwbhn9b4kdih88j7izzy20qw79bk-clang-wrapper-19.1.5",
              "default": true
            }
          ],
          "store_path": "/nix/store/wkadfwbhn9b4kdih88j7izzy20qw79bk-clang-wrapper-19.1.5"
        },
        "aarch64-linux": {
          "outputs": [
            {
              "name": "out",
              "path": "/nix/store/axikx8yj4ha02kdq7zk3cyvzy9jxcl3d-clang-wrapper-19.1.5",
              "default": true
            }
          ],
          "store_path": "/nix/store/axikx8yj4ha02kdq7zk3cyvzy9jxcl3d-clang-wrapper-19.1.5"
        },
        "x86_64-darwin": {
          "outputs": [
            {
              "name": "out",
              "path": "/nix/store/p7ck87mq20ngn4rv8w52imx4c80qj801-clang-wrapper-19.1.5",
              "default": true
            }
          ],
          "store_path": "/nix/store/p7ck87mq20ngn4rv8w52imx4c80qj801-clang-wrapper-19.1.5"
        },
        "x86_64-linux": {
          "outputs": [
            {
              "name": "out",
              "path": "/nix/store/xl0vlc2wdchfbq8536zs19pj2r3xdmma-clang-wrapper-19.1.5",
              "default": true
            }
          ],
          "store_path": "/nix/store/xl0vlc2wdchfbq8536zs19pj2r3xdmma-clang-wrapper-19.1.5"
        }
      }
    },
    "direnv@latest": {
      "last_modified": "2024-12-23T21:10:33Z",
      "resolved": "github:NixOS/nixpkgs/de1864217bfa9b5845f465e771e0ecb48b30e02d#direnv",
      "source": "devbox-search",
      "version": "2.35.0",
      "systems": {
        "aarch64-darwin": {
          "outputs": [
            {
              "name": "out",
              "path": "/nix/store/xp28bzq6qi11db7pqgfx3rc139q45489-direnv-2.35.0",
              "default": true
            }
          ],
          "store_path": "/nix/store/xp28bzq6qi11db7pqgfx3rc139q45489-direnv-2.35.0"
        },
        "aarch64-linux": {
          "outputs": [
            {
              "name": "out",
              "path": "/nix/store/55vva1q4lhw2m62vvzzm2z26wfkpb430-direnv-2.35.0",
              "default": true
            }
          ],
          "store_path": "/nix/store/55vva1q4lhw2m62vvzzm2z26wfkpb430-direnv-2.35.0"
        },
        "x86_64-darwin": {
          "outputs": [
            {
              "name": "out",
              "path": "/nix/store/gza242ir81wafi79cfxk619n36rxqqmk-direnv-2.35.0",
              "default": true
            }
          ],
          "store_path": "/nix/store/gza242ir81wafi79cfxk619n36rxqqmk-direnv-2.35.0"
        },
        "x86_64-linux": {
          "outputs": [
            {
              "name": "out",
              "path": "/nix/store/jw2ax71m8dzgs8xybginlsyw79ndyww1-direnv-2.35.0",
              "default": true
            }
          ],
          "store_path": "/nix/store/jw2ax71m8dzgs8xybginlsyw79ndyww1-direnv-2.35.0"
        }
      }
    },
    "fzf@latest": {
      "last_modified": "2024-12-23T21:10:33Z",
      "resolved": "github:NixOS/nixpkgs/de1864217bfa9b5845f465e771e0ecb48b30e02d#fzf",
      "source": "devbox-search",
      "version": "0.57.0",
      "systems": {
        "aarch64-darwin": {
          "outputs": [
            {
              "name": "out",
              "path": "/nix/store/8iaarhsqpdvg0ndwdvjcx6rp8fnw2fzk-fzf-0.57.0",
              "default": true
            },
            {
              "name": "man",
              "path": "/nix/store/gszq21lhpz1iy57paszhzna44ig3z6d1-fzf-0.57.0-man",
              "default": true
            }
          ],
          "store_path": "/nix/store/8iaarhsqpdvg0ndwdvjcx6rp8fnw2fzk-fzf-0.57.0"
        },
        "aarch64-linux": {
          "outputs": [
            {
              "name": "out",
              "path": "/nix/store/4m0q1zccd891q3phq23dg1b4dfnyqw6r-fzf-0.57.0",
              "default": true
            },
            {
              "name": "man",
              "path": "/nix/store/pzvqwg3xsk0llfmwp49mv0q1yj0506i0-fzf-0.57.0-man",
              "default": true
            }
          ],
          "store_path": "/nix/store/4m0q1zccd891q3phq23dg1b4dfnyqw6r-fzf-0.57.0"
        },
        "x86_64-darwin": {
          "outputs": [
            {
              "name": "out",
              "path": "/nix/store/dgkgwwdwilbg1bfqw1hdym0v206pdxwd-fzf-0.57.0",
              "default": true
            },
            {
              "name": "man",
              "path": "/nix/store/chwh9bxf1miy4gbym0f2pasnpg6n26pb-fzf-0.57.0-man",
              "default": true
            }
          ],
          "store_path": "/nix/store/dgkgwwdwilbg1bfqw1hdym0v206pdxwd-fzf-0.57.0"
        },
        "x86_64-linux": {
          "outputs": [
            {
              "name": "out",
              "path": "/nix/store/qb76l3bdjlld3xdvr2clbqwsi8l1rh5j-fzf-0.57.0",
              "default": true
            },
            {
              "name": "man",
              "path": "/nix/store/709q83k1ma94r5qwiwm330sm67fh3bgs-fzf-0.57.0-man",
              "default": true
            }
          ],
          "store_path": "/nix/store/qb76l3bdjlld3xdvr2clbqwsi8l1rh5j-fzf-0.57.0"
        }
      }
    },
    "git-lfs@latest": {
      "last_modified": "2024-12-23T21:10:33Z",
      "resolved": "github:NixOS/nixpkgs/de1864217bfa9b5845f465e771e0ecb48b30e02d#git-lfs",
      "source": "devbox-search",
      "version": "3.6.0",
      "systems": {
        "aarch64-darwin": {
          "outputs": [
            {
              "name": "out",
              "path": "/nix/store/cdaidfrxmk1ccj8bap1wmy64rvhmms0l-git-lfs-3.6.0",
              "default": true
            }
          ],
          "store_path": "/nix/store/cdaidfrxmk1ccj8bap1wmy64rvhmms0l-git-lfs-3.6.0"
        },
        "aarch64-linux": {
          "outputs": [
            {
              "name": "out",
              "path": "/nix/store/ljkd1bz54y0bw7vvs5fd7libfyrv30ww-git-lfs-3.6.0",
              "default": true
            }
          ],
          "store_path": "/nix/store/ljkd1bz54y0bw7vvs5fd7libfyrv30ww-git-lfs-3.6.0"
        },
        "x86_64-darwin": {
          "outputs": [
            {
              "name": "out",
              "path": "/nix/store/4452n090s5z3kjy9c21f7ca1qq9rilin-git-lfs-3.6.0",
              "default": true
            }
          ],
          "store_path": "/nix/store/4452n090s5z3kjy9c21f7ca1qq9rilin-git-lfs-3.6.0"
        },
        "x86_64-linux": {
          "outputs": [
            {
              "name": "out",
              "path": "/nix/store/9gfsl2d29d9f4hy86cbd0g60vpha56bn-git-lfs-3.6.0",
              "default": true
            }
          ],
          "store_path": "/nix/store/9gfsl2d29d9f4hy86cbd0g60vpha56bn-git-lfs-3.6.0"
        }
      }
    },
    "git@latest": {
      "last_modified": "2024-12-23T21:10:33Z",
      "resolved": "github:NixOS/nixpkgs/de1864217bfa9b5845f465e771e0ecb48b30e02d#git",
      "source": "devbox-search",
      "version": "2.47.0",
      "systems": {
        "aarch64-darwin": {
          "outputs": [
            {
              "name": "out",
              "path": "/nix/store/bi58hj6aqbswrwngsdzszzdf35vzsl36-git-2.47.0",
              "default": true
            },
            {
              "name": "doc",
              "path": "/nix/store/ilmzpslj8yvf5krdyz7bj08wjf03pxvj-git-2.47.0-doc"
            }
          ],
          "store_path": "/nix/store/bi58hj6aqbswrwngsdzszzdf35vzsl36-git-2.47.0"
        },
        "aarch64-linux": {
          "outputs": [
            {
              "name": "out",
              "path": "/nix/store/861v7354sw64ydk43jwdswwkqkf0dhq2-git-2.47.0",
              "default": true
            },
            {
              "name": "debug",
              "path": "/nix/store/cyfh5sk108g0yhif2ppxw3xyrbz9cc5k-git-2.47.0-debug"
            },
            {
              "name": "doc",
              "path": "/nix/store/4rj9xhq42v2b7nxf77xlkqbd20jzby0i-git-2.47.0-doc"
            }
          ],
          "store_path": "/nix/store/861v7354sw64ydk43jwdswwkqkf0dhq2-git-2.47.0"
        },
        "x86_64-darwin": {
          "outputs": [
            {
              "name": "out",
              "path": "/nix/store/v283088hdcppiswvqslgfspxwnq4ldz3-git-2.47.0",
              "default": true
            },
            {
              "name": "doc",
              "path": "/nix/store/i5rw1f8xv1sp13lcsxq0bkswn600lcmx-git-2.47.0-doc"
            }
          ],
          "store_path": "/nix/store/v283088hdcppiswvqslgfspxwnq4ldz3-git-2.47.0"
        },
        "x86_64-linux": {
          "outputs": [
            {
              "name": "out",
              "path": "/nix/store/iwq58rpn6idjnxbnyjh351776qzvsd0r-git-2.47.0",
              "default": true
            },
            {
              "name": "debug",
              "path": "/nix/store/1s38v03xh8d88b1wm8iwpkrpy6cf3ydq-git-2.47.0-debug"
            },
            {
              "name": "doc",
              "path": "/nix/store/kn855hkv6yda9wi7g48lxwgplijqijb9-git-2.47.0-doc"
            }
          ],
          "store_path": "/nix/store/iwq58rpn6idjnxbnyjh351776qzvsd0r-git-2.47.0"
        }
      }
    },
    "k9s@latest": {
      "last_modified": "2024-12-23T21:10:33Z",
      "resolved": "github:NixOS/nixpkgs/de1864217bfa9b5845f465e771e0ecb48b30e02d#k9s",
      "source": "devbox-search",
      "version": "0.32.7",
      "systems": {
        "aarch64-darwin": {
          "outputs": [
            {
              "name": "out",
              "path": "/nix/store/j34ib6fncah841fs9f735jydwl9mgrcq-k9s-0.32.7",
              "default": true
            }
          ],
          "store_path": "/nix/store/j34ib6fncah841fs9f735jydwl9mgrcq-k9s-0.32.7"
        },
        "aarch64-linux": {
          "outputs": [
            {
              "name": "out",
              "path": "/nix/store/0dzcr6jpjyr94rvc05lvpyh3aq0ispbw-k9s-0.32.7",
              "default": true
            }
          ],
          "store_path": "/nix/store/0dzcr6jpjyr94rvc05lvpyh3aq0ispbw-k9s-0.32.7"
        },
        "x86_64-darwin": {
          "outputs": [
            {
              "name": "out",
              "path": "/nix/store/fnxpjszlgh4g25jl96xxcm0wxd0n7h0i-k9s-0.32.7",
              "default": true
            }
          ],
          "store_path": "/nix/store/fnxpjszlgh4g25jl96xxcm0wxd0n7h0i-k9s-0.32.7"
        },
        "x86_64-linux": {
          "outputs": [
            {
              "name": "out",
              "path": "/nix/store/acfv4993hw202l9zrrmgrjf3bk7imaym-k9s-0.32.7",
              "default": true
            }
          ],
          "store_path": "/nix/store/acfv4993hw202l9zrrmgrjf3bk7imaym-k9s-0.32.7"
        }
      }
    },
    "kubectl@latest": {
      "last_modified": "2024-12-23T21:10:33Z",
      "resolved": "github:NixOS/nixpkgs/de1864217bfa9b5845f465e771e0ecb48b30e02d#kubectl",
      "source": "devbox-search",
      "version": "1.32.0",
      "systems": {
        "aarch64-darwin": {
          "outputs": [
            {
              "name": "out",
              "path": "/nix/store/i8cpdk16v3gj7bx0wh009xsr3zjyykdy-kubectl-1.32.0",
              "default": true
            },
            {
              "name": "man",
              "path": "/nix/store/3nz42pz97757darq7yy930yh5l8xhb03-kubectl-1.32.0-man",
              "default": true
            },
            {
              "name": "convert",
              "path": "/nix/store/4kamlm1ii5j7zmivizvpl8l7nw4da1n8-kubectl-1.32.0-convert"
            }
          ],
          "store_path": "/nix/store/i8cpdk16v3gj7bx0wh009xsr3zjyykdy-kubectl-1.32.0"
        },
        "aarch64-linux": {
          "outputs": [
            {
              "name": "out",
              "path": "/nix/store/df7cvpjy0wm1c5z6l44qb9085yfx72yn-kubectl-1.32.0",
              "default": true
            },
            {
              "name": "man",
              "path": "/nix/store/3cl305jf0x48ad2gkhhgbi5gnsmrcci6-kubectl-1.32.0-man",
              "default": true
            },
            {
              "name": "convert",
              "path": "/nix/store/av3jckh7q3lswq8p0bfwiirvbpp0rvyz-kubectl-1.32.0-convert"
            }
          ],
          "store_path": "/nix/store/df7cvpjy0wm1c5z6l44qb9085yfx72yn-kubectl-1.32.0"
        },
        "x86_64-darwin": {
          "outputs": [
            {
              "name": "out",
              "path": "/nix/store/qqxzggng2kw7z7dzvyajfwixmz923k3w-kubectl-1.32.0",
              "default": true
            },
            {
              "name": "man",
              "path": "/nix/store/9dj1jjvk7wp5nn20j7m00yrb6m12sxhh-kubectl-1.32.0-man",
              "default": true
            },
            {
              "name": "convert",
              "path": "/nix/store/pcjy7wd5dm98iyw8qybq7mn5bbd906kc-kubectl-1.32.0-convert"
            }
          ],
          "store_path": "/nix/store/qqxzggng2kw7z7dzvyajfwixmz923k3w-kubectl-1.32.0"
        },
        "x86_64-linux": {
          "outputs": [
            {
              "name": "out",
              "path": "/nix/store/bji52bdp0fpnl11lqvwbqjbvs84zmprz-kubectl-1.32.0",
              "default": true
            },
            {
              "name": "man",
              "path": "/nix/store/i4jqhs1mw5v0igk0ry0y1w22rb1lbykz-kubectl-1.32.0-man",
              "default": true
            },
            {
              "name": "convert",
              "path": "/nix/store/s8pn6j48wrwr9fh5x2836ywcnai2wxma-kubectl-1.32.0-convert"
            }
          ],
          "store_path": "/nix/store/bji52bdp0fpnl11lqvwbqjbvs84zmprz-kubectl-1.32.0"
        }
      }
    },
    "kubectx@latest": {
      "last_modified": "2024-12-23T21:10:33Z",
      "resolved": "github:NixOS/nixpkgs/de1864217bfa9b5845f465e771e0ecb48b30e02d#kubectx",
      "source": "devbox-search",
      "version": "0.9.5",
      "systems": {
        "aarch64-darwin": {
          "outputs": [
            {
              "name": "out",
              "path": "/nix/store/2gjb8051jav5p0gspkhalr54ndgdfc6r-kubectx-0.9.5",
              "default": true
            }
          ],
          "store_path": "/nix/store/2gjb8051jav5p0gspkhalr54ndgdfc6r-kubectx-0.9.5"
        },
        "aarch64-linux": {
          "outputs": [
            {
              "name": "out",
              "path": "/nix/store/404v6rr40pfacr0dgjap8k0maw27s8cx-kubectx-0.9.5",
              "default": true
            }
          ],
          "store_path": "/nix/store/404v6rr40pfacr0dgjap8k0maw27s8cx-kubectx-0.9.5"
        },
        "x86_64-darwin": {
          "outputs": [
            {
              "name": "out",
              "path": "/nix/store/cfjwdisfb8ih0a8pwrlllamdbs4adql2-kubectx-0.9.5",
              "default": true
            }
          ],
          "store_path": "/nix/store/cfjwdisfb8ih0a8pwrlllamdbs4adql2-kubectx-0.9.5"
        },
        "x86_64-linux": {
          "outputs": [
            {
              "name": "out",
              "path": "/nix/store/z3lbpfcpzrzs6wsh7838l9fv0rglnp7k-kubectx-0.9.5",
              "default": true
            }
          ],
          "store_path": "/nix/store/z3lbpfcpzrzs6wsh7838l9fv0rglnp7k-kubectx-0.9.5"
        }
      }
    },
    "lazygit@latest": {
      "last_modified": "2024-12-23T21:10:33Z",
      "resolved": "github:NixOS/nixpkgs/de1864217bfa9b5845f465e771e0ecb48b30e02d#lazygit",
      "source": "devbox-search",
      "version": "0.44.1",
      "systems": {
        "aarch64-darwin": {
          "outputs": [
            {
              "name": "out",
              "path": "/nix/store/blqyl9w18j05b9ylqw9y7y96z48x9d5m-lazygit-0.44.1",
              "default": true
            }
          ],
          "store_path": "/nix/store/blqyl9w18j05b9ylqw9y7y96z48x9d5m-lazygit-0.44.1"
        },
        "aarch64-linux": {
          "outputs": [
            {
              "name": "out",
              "path": "/nix/store/n5w8fd8naf7wp3vsnvdgckx1nlp154vz-lazygit-0.44.1",
              "default": true
            }
          ],
          "store_path": "/nix/store/n5w8fd8naf7wp3vsnvdgckx1nlp154vz-lazygit-0.44.1"
        },
        "x86_64-darwin": {
          "outputs": [
            {
              "name": "out",
              "path": "/nix/store/20f9mh9l8pgq0xdz6f5l7x8lyglz4679-lazygit-0.44.1",
              "default": true
            }
          ],
          "store_path": "/nix/store/20f9mh9l8pgq0xdz6f5l7x8lyglz4679-lazygit-0.44.1"
        },
        "x86_64-linux": {
          "outputs": [
            {
              "name": "out",
              "path": "/nix/store/gkycpwnxk0hv9bxfgmj5skl42px5s76d-lazygit-0.44.1",
              "default": true
            }
          ],
          "store_path": "/nix/store/gkycpwnxk0hv9bxfgmj5skl42px5s76d-lazygit-0.44.1"
        }
      }
    },
    "lua-language-server@latest": {
      "last_modified": "2024-12-27T03:08:00Z",
      "resolved": "github:NixOS/nixpkgs/7cc0bff31a3a705d3ac4fdceb030a17239412210#lua-language-server",
      "source": "devbox-search",
      "version": "3.13.4",
      "systems": {
        "aarch64-darwin": {
          "outputs": [
            {
              "name": "out",
              "path": "/nix/store/xk2ppdy8vcl7v4a615wki38hc7x5a1nk-lua-language-server-3.13.4",
              "default": true
            }
          ],
          "store_path": "/nix/store/xk2ppdy8vcl7v4a615wki38hc7x5a1nk-lua-language-server-3.13.4"
        },
        "aarch64-linux": {
          "outputs": [
            {
              "name": "out",
              "path": "/nix/store/qlxrzjpy3i3hm8rgnqkh2kqhwbns5ai1-lua-language-server-3.13.4",
              "default": true
            }
          ],
          "store_path": "/nix/store/qlxrzjpy3i3hm8rgnqkh2kqhwbns5ai1-lua-language-server-3.13.4"
        },
        "x86_64-darwin": {
          "outputs": [
            {
              "name": "out",
              "path": "/nix/store/nhmcl90f9iq7silh8qh0ah4n3cf9d2k6-lua-language-server-3.13.4",
              "default": true
            }
          ],
          "store_path": "/nix/store/nhmcl90f9iq7silh8qh0ah4n3cf9d2k6-lua-language-server-3.13.4"
        },
        "x86_64-linux": {
          "outputs": [
            {
              "name": "out",
              "path": "/nix/store/8vn9kzbzfdhzxcdhg9rb7ym5y01f0hiq-lua-language-server-3.13.4",
              "default": true
            }
          ],
          "store_path": "/nix/store/8vn9kzbzfdhzxcdhg9rb7ym5y01f0hiq-lua-language-server-3.13.4"
        }
      }
    },
    "luarocks@latest": {
      "last_modified": "2023-02-24T09:01:09Z",
      "resolved": "github:NixOS/nixpkgs/7d0ed7f2e5aea07ab22ccb338d27fbe347ed2f11#luarocks",
      "source": "devbox-search",
      "version": "3.9.1"
    },
    "neovim@latest": {
      "last_modified": "2024-12-30T01:48:12Z",
      "resolved": "github:NixOS/nixpkgs/6d97d419e5a9b36e6293887a89a078cf85f5a61b#neovim",
      "source": "devbox-search",
      "version": "0.10.3",
      "systems": {
        "aarch64-darwin": {
          "outputs": [
            {
              "name": "out",
              "path": "/nix/store/l1qg9fvn9h1jha5i77cg76s2ldl99q53-neovim-0.10.3",
              "default": true
            }
          ],
          "store_path": "/nix/store/l1qg9fvn9h1jha5i77cg76s2ldl99q53-neovim-0.10.3"
        },
        "aarch64-linux": {
          "outputs": [
            {
              "name": "out",
              "path": "/nix/store/4jsvhlj0519bsflh7h61qibr80hdhrwl-neovim-0.10.3",
              "default": true
            }
          ],
          "store_path": "/nix/store/4jsvhlj0519bsflh7h61qibr80hdhrwl-neovim-0.10.3"
        },
        "x86_64-darwin": {
          "outputs": [
            {
              "name": "out",
              "path": "/nix/store/c6v163rc7frrzaacq5im0wrjj9yg6hh0-neovim-0.10.3",
              "default": true
            }
          ],
          "store_path": "/nix/store/c6v163rc7frrzaacq5im0wrjj9yg6hh0-neovim-0.10.3"
        },
        "x86_64-linux": {
          "outputs": [
            {
              "name": "out",
              "path": "/nix/store/0p4jixf4vckf84vl1v892a2zkl8dgpxr-neovim-0.10.3",
              "default": true
            }
          ],
          "store_path": "/nix/store/0p4jixf4vckf84vl1v892a2zkl8dgpxr-neovim-0.10.3"
        }
      }
    },
    "nerdfonts@latest": {
      "last_modified": "2024-11-16T04:25:12Z",
      "resolved": "github:NixOS/nixpkgs/34a626458d686f1b58139620a8b2793e9e123bba#nerdfonts",
      "source": "devbox-search",
      "version": "3.2.1",
      "systems": {
        "aarch64-darwin": {
          "outputs": [
            {
              "name": "out",
              "path": "/nix/store/kjp1v736v5adydkwfh1wy5m71v7y02ww-nerdfonts-3.2.1",
              "default": true
            }
          ],
          "store_path": "/nix/store/kjp1v736v5adydkwfh1wy5m71v7y02ww-nerdfonts-3.2.1"
        },
        "aarch64-linux": {
          "outputs": [
            {
              "name": "out",
              "path": "/nix/store/cw6dv2xzf2gq2d4n558jd76mspwqmlkw-nerdfonts-3.2.1",
              "default": true
            }
          ],
          "store_path": "/nix/store/cw6dv2xzf2gq2d4n558jd76mspwqmlkw-nerdfonts-3.2.1"
        },
        "x86_64-darwin": {
          "outputs": [
            {
              "name": "out",
              "path": "/nix/store/r6r5vzi72a5vx8b3lhl1aq9hma99m2b1-nerdfonts-3.2.1",
              "default": true
            }
          ],
          "store_path": "/nix/store/r6r5vzi72a5vx8b3lhl1aq9hma99m2b1-nerdfonts-3.2.1"
        },
        "x86_64-linux": {
          "outputs": [
            {
              "name": "out",
              "path": "/nix/store/c8z07qzzpg17vg0chvfz56gkj48frhww-nerdfonts-3.2.1",
              "default": true
            }
          ],
          "store_path": "/nix/store/c8z07qzzpg17vg0chvfz56gkj48frhww-nerdfonts-3.2.1"
        }
      }
    },
    "oh-my-zsh@latest": {
      "last_modified": "2024-12-23T21:10:33Z",
      "resolved": "github:NixOS/nixpkgs/de1864217bfa9b5845f465e771e0ecb48b30e02d#oh-my-zsh",
      "source": "devbox-search",
      "version": "2024-10-01",
      "systems": {
        "aarch64-darwin": {
          "outputs": [
            {
              "name": "out",
              "path": "/nix/store/711wl1myxjqy8zv22660jq0m5an11vsb-oh-my-zsh-2024-10-01",
              "default": true
            }
          ],
          "store_path": "/nix/store/711wl1myxjqy8zv22660jq0m5an11vsb-oh-my-zsh-2024-10-01"
        },
        "aarch64-linux": {
          "outputs": [
            {
              "name": "out",
              "path": "/nix/store/idxb3ydpc4facpfs1j6v7vycp5gijl14-oh-my-zsh-2024-10-01",
              "default": true
            }
          ],
          "store_path": "/nix/store/idxb3ydpc4facpfs1j6v7vycp5gijl14-oh-my-zsh-2024-10-01"
        },
        "x86_64-darwin": {
          "outputs": [
            {
              "name": "out",
              "path": "/nix/store/dl9xgk50prv101wv540s12fn3hz1b9pa-oh-my-zsh-2024-10-01",
              "default": true
            }
          ],
          "store_path": "/nix/store/dl9xgk50prv101wv540s12fn3hz1b9pa-oh-my-zsh-2024-10-01"
        },
        "x86_64-linux": {
          "outputs": [
            {
              "name": "out",
              "path": "/nix/store/xmsdld5rdvjqwhpcyii0j3732njgagmb-oh-my-zsh-2024-10-01",
              "default": true
            }
          ],
          "store_path": "/nix/store/xmsdld5rdvjqwhpcyii0j3732njgagmb-oh-my-zsh-2024-10-01"
        }
      }
    },
    "ripgrep@latest": {
      "last_modified": "2024-12-23T21:10:33Z",
      "resolved": "github:NixOS/nixpkgs/de1864217bfa9b5845f465e771e0ecb48b30e02d#ripgrep",
      "source": "devbox-search",
      "version": "14.1.1",
      "systems": {
        "aarch64-darwin": {
          "outputs": [
            {
              "name": "out",
              "path": "/nix/store/2g5lgv32xfax7c8h70d3vsk0dihw3aj5-ripgrep-14.1.1",
              "default": true
            }
          ],
          "store_path": "/nix/store/2g5lgv32xfax7c8h70d3vsk0dihw3aj5-ripgrep-14.1.1"
        },
        "aarch64-linux": {
          "outputs": [
            {
              "name": "out",
              "path": "/nix/store/448sgrj1wai6q51mvda6irqcmbjgidly-ripgrep-14.1.1",
              "default": true
            }
          ],
          "store_path": "/nix/store/448sgrj1wai6q51mvda6irqcmbjgidly-ripgrep-14.1.1"
        },
        "x86_64-darwin": {
          "outputs": [
            {
              "name": "out",
              "path": "/nix/store/c5a2niqq7ygm12h9l825dkzcwwvqr66m-ripgrep-14.1.1",
              "default": true
            }
          ],
          "store_path": "/nix/store/c5a2niqq7ygm12h9l825dkzcwwvqr66m-ripgrep-14.1.1"
        },
        "x86_64-linux": {
          "outputs": [
            {
              "name": "out",
              "path": "/nix/store/a9fc2dnhwc0nmv1ync9inan025zs6qn3-ripgrep-14.1.1",
              "default": true
            }
          ],
          "store_path": "/nix/store/a9fc2dnhwc0nmv1ync9inan025zs6qn3-ripgrep-14.1.1"
        }
      }
    },
    "stylua@latest": {
      "last_modified": "2024-12-23T21:10:33Z",
      "resolved": "github:NixOS/nixpkgs/de1864217bfa9b5845f465e771e0ecb48b30e02d#stylua",
      "source": "devbox-search",
      "version": "2.0.2",
      "systems": {
        "aarch64-darwin": {
          "outputs": [
            {
              "name": "out",
              "path": "/nix/store/h9ljnpwfbdjh5kni8xq3h3kp8lzdam61-stylua-2.0.2",
              "default": true
            }
          ],
          "store_path": "/nix/store/h9ljnpwfbdjh5kni8xq3h3kp8lzdam61-stylua-2.0.2"
        },
        "aarch64-linux": {
          "outputs": [
            {
              "name": "out",
              "path": "/nix/store/y9nl02gc1ayc3sdmvlbrmvchzilm8bmn-stylua-2.0.2",
              "default": true
            }
          ],
          "store_path": "/nix/store/y9nl02gc1ayc3sdmvlbrmvchzilm8bmn-stylua-2.0.2"
        },
        "x86_64-darwin": {
          "outputs": [
            {
              "name": "out",
              "path": "/nix/store/b763qj3i5dvqsgfx4c8xgwnx6b49503p-stylua-2.0.2",
              "default": true
            }
          ],
          "store_path": "/nix/store/b763qj3i5dvqsgfx4c8xgwnx6b49503p-stylua-2.0.2"
        },
        "x86_64-linux": {
          "outputs": [
            {
              "name": "out",
              "path": "/nix/store/6y2rlwdsp6w3k7ghjrmgg5pwfqpqbhqm-stylua-2.0.2",
              "default": true
            }
          ],
          "store_path": "/nix/store/6y2rlwdsp6w3k7ghjrmgg5pwfqpqbhqm-stylua-2.0.2"
        }
      }
    },
    "sudo@latest": {
      "last_modified": "2024-12-23T21:10:33Z",
      "resolved": "github:NixOS/nixpkgs/de1864217bfa9b5845f465e771e0ecb48b30e02d#sudo",
      "source": "devbox-search",
      "version": "1.9.16p2",
      "systems": {
        "aarch64-linux": {
          "outputs": [
            {
              "name": "out",
              "path": "/nix/store/bzwgc983820nyaszzh3jp5inrjkf75n7-sudo-1.9.16p2",
              "default": true
            }
          ],
          "store_path": "/nix/store/bzwgc983820nyaszzh3jp5inrjkf75n7-sudo-1.9.16p2"
        },
        "x86_64-linux": {
          "outputs": [
            {
              "name": "out",
              "path": "/nix/store/dmcp26ld9lmx2yc2d99hp911zrr8p4m9-sudo-1.9.16p2",
              "default": true
            }
          ],
          "store_path": "/nix/store/dmcp26ld9lmx2yc2d99hp911zrr8p4m9-sudo-1.9.16p2"
        }
      }
    },
    "unzip@latest": {
      "last_modified": "2024-12-23T21:10:33Z",
      "resolved": "github:NixOS/nixpkgs/de1864217bfa9b5845f465e771e0ecb48b30e02d#unzip",
      "source": "devbox-search",
      "version": "6.0",
      "systems": {
        "aarch64-darwin": {
          "outputs": [
            {
              "name": "out",
              "path": "/nix/store/qdjjh8zy5shspc7hk7xdmpk1w7yqjnx2-unzip-6.0",
              "default": true
            }
          ],
          "store_path": "/nix/store/qdjjh8zy5shspc7hk7xdmpk1w7yqjnx2-unzip-6.0"
        },
        "aarch64-linux": {
          "outputs": [
            {
              "name": "out",
              "path": "/nix/store/k2ga3r9vzwpkz25ybp6jcb5nkb8v6cgf-unzip-6.0",
              "default": true
            }
          ],
          "store_path": "/nix/store/k2ga3r9vzwpkz25ybp6jcb5nkb8v6cgf-unzip-6.0"
        },
        "x86_64-darwin": {
          "outputs": [
            {
              "name": "out",
              "path": "/nix/store/6fs10f11x99fcj3q4znpyjpg4ll1vxq6-unzip-6.0",
              "default": true
            }
          ],
          "store_path": "/nix/store/6fs10f11x99fcj3q4znpyjpg4ll1vxq6-unzip-6.0"
        },
        "x86_64-linux": {
          "outputs": [
            {
              "name": "out",
              "path": "/nix/store/mpncgrbpnsrh62qplwzr6mcnq1by79rn-unzip-6.0",
              "default": true
            }
          ],
          "store_path": "/nix/store/mpncgrbpnsrh62qplwzr6mcnq1by79rn-unzip-6.0"
        }
      }
    },
    "watch@latest": {
      "last_modified": "2023-02-24T09:01:09Z",
      "resolved": "github:NixOS/nixpkgs/7d0ed7f2e5aea07ab22ccb338d27fbe347ed2f11#watch",
      "source": "devbox-search",
      "version": "3.3.17"
    },
    "wget@latest": {
      "last_modified": "2024-12-23T21:10:33Z",
      "resolved": "github:NixOS/nixpkgs/de1864217bfa9b5845f465e771e0ecb48b30e02d#wget",
      "source": "devbox-search",
      "version": "1.25.0",
      "systems": {
        "aarch64-darwin": {
          "outputs": [
            {
              "name": "out",
              "path": "/nix/store/rjsz2sx5q97jdcx677ndw4c0bdlfh55m-wget-1.25.0",
              "default": true
            }
          ],
          "store_path": "/nix/store/rjsz2sx5q97jdcx677ndw4c0bdlfh55m-wget-1.25.0"
        },
        "aarch64-linux": {
          "outputs": [
            {
              "name": "out",
              "path": "/nix/store/792w23wrd0r0brvkrd3ni3gmk34f3pi7-wget-1.25.0",
              "default": true
            }
          ],
          "store_path": "/nix/store/792w23wrd0r0brvkrd3ni3gmk34f3pi7-wget-1.25.0"
        },
        "x86_64-darwin": {
          "outputs": [
            {
              "name": "out",
              "path": "/nix/store/lnw7sb4mkxrb769pknwdldxb6dgjsw2q-wget-1.25.0",
              "default": true
            }
          ],
          "store_path": "/nix/store/lnw7sb4mkxrb769pknwdldxb6dgjsw2q-wget-1.25.0"
        },
        "x86_64-linux": {
          "outputs": [
            {
              "name": "out",
              "path": "/nix/store/3kfrvmzrng8b1g7639n1f89f6dymlgin-wget-1.25.0",
              "default": true
            }
          ],
          "store_path": "/nix/store/3kfrvmzrng8b1g7639n1f89f6dymlgin-wget-1.25.0"
        }
      }
    },
    "xclip@latest": {
      "last_modified": "2024-12-23T21:10:33Z",
      "resolved": "github:NixOS/nixpkgs/de1864217bfa9b5845f465e771e0ecb48b30e02d#xclip",
      "source": "devbox-search",
      "version": "0.13",
      "systems": {
        "aarch64-darwin": {
          "outputs": [
            {
              "name": "out",
              "path": "/nix/store/2pm3rwqqjp63wh2lfawp80n788jiksdm-xclip-0.13",
              "default": true
            }
          ],
          "store_path": "/nix/store/2pm3rwqqjp63wh2lfawp80n788jiksdm-xclip-0.13"
        },
        "aarch64-linux": {
          "outputs": [
            {
              "name": "out",
              "path": "/nix/store/xnvfn31hiypvnj2fj6kgvr8xz0p19nx7-xclip-0.13",
              "default": true
            }
          ],
          "store_path": "/nix/store/xnvfn31hiypvnj2fj6kgvr8xz0p19nx7-xclip-0.13"
        },
        "x86_64-darwin": {
          "outputs": [
            {
              "name": "out",
              "path": "/nix/store/23sixw3lzhkv1waifwb5mxl90gk7f7rj-xclip-0.13",
              "default": true
            }
          ],
          "store_path": "/nix/store/23sixw3lzhkv1waifwb5mxl90gk7f7rj-xclip-0.13"
        },
        "x86_64-linux": {
          "outputs": [
            {
              "name": "out",
              "path": "/nix/store/yss9q4sf813nakhk9gnn7iqvsghzd7yz-xclip-0.13",
              "default": true
            }
          ],
          "store_path": "/nix/store/yss9q4sf813nakhk9gnn7iqvsghzd7yz-xclip-0.13"
        }
      }
    },
    "zellij@latest": {
      "last_modified": "2024-12-23T21:10:33Z",
      "resolved": "github:NixOS/nixpkgs/de1864217bfa9b5845f465e771e0ecb48b30e02d#zellij",
      "source": "devbox-search",
      "version": "0.41.2",
      "systems": {
        "aarch64-darwin": {
          "outputs": [
            {
              "name": "out",
              "path": "/nix/store/fhlrmvrymqbpizfpw9lwfhxyhsrf2j0k-zellij-0.41.2",
              "default": true
            }
          ],
          "store_path": "/nix/store/fhlrmvrymqbpizfpw9lwfhxyhsrf2j0k-zellij-0.41.2"
        },
        "aarch64-linux": {
          "outputs": [
            {
              "name": "out",
              "path": "/nix/store/klnjidrhgmx54i9zaqlkqqldwbbr0mx5-zellij-0.41.2",
              "default": true
            }
          ],
          "store_path": "/nix/store/klnjidrhgmx54i9zaqlkqqldwbbr0mx5-zellij-0.41.2"
        },
        "x86_64-darwin": {
          "outputs": [
            {
              "name": "out",
              "path": "/nix/store/rxhdbx60nln7lnzmksyh9pgig42q10ca-zellij-0.41.2",
              "default": true
            }
          ],
          "store_path": "/nix/store/rxhdbx60nln7lnzmksyh9pgig42q10ca-zellij-0.41.2"
        },
        "x86_64-linux": {
          "outputs": [
            {
              "name": "out",
              "path": "/nix/store/vv8am3m6rf1x9p6w36cyl40faif3idys-zellij-0.41.2",
              "default": true
            }
          ],
          "store_path": "/nix/store/vv8am3m6rf1x9p6w36cyl40faif3idys-zellij-0.41.2"
        }
      }
    },
    "zsh-powerlevel10k@latest": {
      "last_modified": "2024-12-27T03:08:00Z",
      "resolved": "github:NixOS/nixpkgs/7cc0bff31a3a705d3ac4fdceb030a17239412210#zsh-powerlevel10k",
      "source": "devbox-search",
      "version": "1.20.0",
      "systems": {
        "aarch64-darwin": {
          "outputs": [
            {
              "name": "out",
              "path": "/nix/store/0ppfdrqfh1j4pnvwcvnsrbkfis5pyzbv-powerlevel10k-1.20.0",
              "default": true
            }
          ],
          "store_path": "/nix/store/0ppfdrqfh1j4pnvwcvnsrbkfis5pyzbv-powerlevel10k-1.20.0"
        },
        "aarch64-linux": {
          "outputs": [
            {
              "name": "out",
              "path": "/nix/store/jc85z4lvjx566nibsccnw4h6f9435vy6-powerlevel10k-1.20.0",
              "default": true
            }
          ],
          "store_path": "/nix/store/jc85z4lvjx566nibsccnw4h6f9435vy6-powerlevel10k-1.20.0"
        },
        "x86_64-darwin": {
          "outputs": [
            {
              "name": "out",
              "path": "/nix/store/vxdpwszh87ibkxg57v93kcmp1j9hw4g0-powerlevel10k-1.20.0",
              "default": true
            }
          ],
          "store_path": "/nix/store/vxdpwszh87ibkxg57v93kcmp1j9hw4g0-powerlevel10k-1.20.0"
        },
        "x86_64-linux": {
          "outputs": [
            {
              "name": "out",
              "path": "/nix/store/5rk84q3v5mbssnhi8iwmli6g7l79yjwh-powerlevel10k-1.20.0",
              "default": true
            }
          ],
          "store_path": "/nix/store/5rk84q3v5mbssnhi8iwmli6g7l79yjwh-powerlevel10k-1.20.0"
        }
      }
    }
  }
}
