{
  "lockfile_version": "1",
  "packages": {
    "direnv@latest": {
      "last_modified": "2024-12-03T12:40:06Z",
      "resolved": "github:NixOS/nixpkgs/566e53c2ad750c84f6d31f9ccb9d00f823165550#direnv",
      "source": "devbox-search",
      "version": "2.35.0",
      "systems": {
        "aarch64-darwin": {
          "outputs": [
            {
              "name": "out",
              "path": "/nix/store/r1hxmlsz24fq9hwwgxk1ki4lgcankc1r-direnv-2.35.0",
              "default": true
            }
          ],
          "store_path": "/nix/store/r1hxmlsz24fq9hwwgxk1ki4lgcankc1r-direnv-2.35.0"
        },
        "aarch64-linux": {
          "outputs": [
            {
              "name": "out",
              "path": "/nix/store/zil3mg3q4f2j28i531wz2j7xfrwc89gw-direnv-2.35.0",
              "default": true
            }
          ],
          "store_path": "/nix/store/zil3mg3q4f2j28i531wz2j7xfrwc89gw-direnv-2.35.0"
        },
        "x86_64-darwin": {
          "outputs": [
            {
              "name": "out",
              "path": "/nix/store/qyhj5v07m1ha8j8wfsisrq7xi34dqvvj-direnv-2.35.0",
              "default": true
            }
          ],
          "store_path": "/nix/store/qyhj5v07m1ha8j8wfsisrq7xi34dqvvj-direnv-2.35.0"
        },
        "x86_64-linux": {
          "outputs": [
            {
              "name": "out",
              "path": "/nix/store/irq2506ybbvsnpmb5gflcbg90390bmdg-direnv-2.35.0",
              "default": true
            }
          ],
          "store_path": "/nix/store/irq2506ybbvsnpmb5gflcbg90390bmdg-direnv-2.35.0"
        }
      }
    },
    "git@latest": {
      "last_modified": "2024-11-28T07:51:56Z",
      "resolved": "github:NixOS/nixpkgs/226216574ada4c3ecefcbbec41f39ce4655f78ef#git",
      "source": "devbox-search",
      "version": "2.47.0",
      "systems": {
        "aarch64-darwin": {
          "outputs": [
            {
              "name": "out",
              "path": "/nix/store/w5rggkxjd7z2cjk4fia9za7gb485pydw-git-2.47.0",
              "default": true
            },
            {
              "name": "doc",
              "path": "/nix/store/8r3g3kpmrgk1ih1wfyfxv0qrybaqqk6r-git-2.47.0-doc"
            }
          ],
          "store_path": "/nix/store/w5rggkxjd7z2cjk4fia9za7gb485pydw-git-2.47.0"
        },
        "aarch64-linux": {
          "outputs": [
            {
              "name": "out",
              "path": "/nix/store/4ahzcjrsrv96qbcpmm4ybqkdjcbgblvc-git-2.47.0",
              "default": true
            },
            {
              "name": "debug",
              "path": "/nix/store/g1iyg13q0f05vf5yllvmrhqhzgggg5lf-git-2.47.0-debug"
            },
            {
              "name": "doc",
              "path": "/nix/store/6md7q4bvv9zzw2xycra4b2msg4f37n34-git-2.47.0-doc"
            }
          ],
          "store_path": "/nix/store/4ahzcjrsrv96qbcpmm4ybqkdjcbgblvc-git-2.47.0"
        },
        "x86_64-darwin": {
          "outputs": [
            {
              "name": "out",
              "path": "/nix/store/w7a374fz8ai3swihnynx4r7hgqsw9xvd-git-2.47.0",
              "default": true
            },
            {
              "name": "doc",
              "path": "/nix/store/zm42fzcd69sc8jqcn22z5dhnj5rvrk39-git-2.47.0-doc"
            }
          ],
          "store_path": "/nix/store/w7a374fz8ai3swihnynx4r7hgqsw9xvd-git-2.47.0"
        },
        "x86_64-linux": {
          "outputs": [
            {
              "name": "out",
              "path": "/nix/store/1zgzrsbq3b0f06k76pha0r8hmfwvjvc0-git-2.47.0",
              "default": true
            },
            {
              "name": "debug",
              "path": "/nix/store/i48viyk4j244008yxb5snhiffhwkgh00-git-2.47.0-debug"
            },
            {
              "name": "doc",
              "path": "/nix/store/g4qfyzlr8gfink7g62kwh7cyan9zv91d-git-2.47.0-doc"
            }
          ],
          "store_path": "/nix/store/1zgzrsbq3b0f06k76pha0r8hmfwvjvc0-git-2.47.0"
        }
      }
    },
    "neovim@latest": {
      "last_modified": "2024-12-03T12:40:06Z",
      "resolved": "github:NixOS/nixpkgs/566e53c2ad750c84f6d31f9ccb9d00f823165550#neovim",
      "source": "devbox-search",
      "version": "0.10.2",
      "systems": {
        "aarch64-darwin": {
          "outputs": [
            {
              "name": "out",
              "path": "/nix/store/d34dlv51k6fcb0qr5cbjnqv46vlhzd57-neovim-0.10.2",
              "default": true
            }
          ],
          "store_path": "/nix/store/d34dlv51k6fcb0qr5cbjnqv46vlhzd57-neovim-0.10.2"
        },
        "aarch64-linux": {
          "outputs": [
            {
              "name": "out",
              "path": "/nix/store/f70bxj5fp3jh9acp5i7h7n1gypzfgj1y-neovim-0.10.2",
              "default": true
            }
          ],
          "store_path": "/nix/store/f70bxj5fp3jh9acp5i7h7n1gypzfgj1y-neovim-0.10.2"
        },
        "x86_64-darwin": {
          "outputs": [
            {
              "name": "out",
              "path": "/nix/store/ybl5dxhrz1vhpz59vm0ad0lml7xpc40l-neovim-0.10.2",
              "default": true
            }
          ],
          "store_path": "/nix/store/ybl5dxhrz1vhpz59vm0ad0lml7xpc40l-neovim-0.10.2"
        },
        "x86_64-linux": {
          "outputs": [
            {
              "name": "out",
              "path": "/nix/store/mx5r32xdnqa708civzxbx2agl9m0ff0a-neovim-0.10.2",
              "default": true
            }
          ],
          "store_path": "/nix/store/mx5r32xdnqa708civzxbx2agl9m0ff0a-neovim-0.10.2"
        }
      }
    },
    "oh-my-zsh@latest": {
      "last_modified": "2024-11-28T07:51:56Z",
      "resolved": "github:NixOS/nixpkgs/226216574ada4c3ecefcbbec41f39ce4655f78ef#oh-my-zsh",
      "source": "devbox-search",
      "version": "2024-10-01",
      "systems": {
        "aarch64-darwin": {
          "outputs": [
            {
              "name": "out",
              "path": "/nix/store/75mpnk2ymbycgnq818q6jv2qwjdkbky3-oh-my-zsh-2024-10-01",
              "default": true
            }
          ],
          "store_path": "/nix/store/75mpnk2ymbycgnq818q6jv2qwjdkbky3-oh-my-zsh-2024-10-01"
        },
        "aarch64-linux": {
          "outputs": [
            {
              "name": "out",
              "path": "/nix/store/giq7fiad25kd9pdriyvmhhbms422dw2z-oh-my-zsh-2024-10-01",
              "default": true
            }
          ],
          "store_path": "/nix/store/giq7fiad25kd9pdriyvmhhbms422dw2z-oh-my-zsh-2024-10-01"
        },
        "x86_64-darwin": {
          "outputs": [
            {
              "name": "out",
              "path": "/nix/store/c1qj1cpywiqibpgwqim1ci8ak8gy2jcs-oh-my-zsh-2024-10-01",
              "default": true
            }
          ],
          "store_path": "/nix/store/c1qj1cpywiqibpgwqim1ci8ak8gy2jcs-oh-my-zsh-2024-10-01"
        },
        "x86_64-linux": {
          "outputs": [
            {
              "name": "out",
              "path": "/nix/store/zqsxfn1xq5qacvm3qxqp2vy3nxw78k6n-oh-my-zsh-2024-10-01",
              "default": true
            }
          ],
          "store_path": "/nix/store/zqsxfn1xq5qacvm3qxqp2vy3nxw78k6n-oh-my-zsh-2024-10-01"
        }
      }
    },
    "zsh-powerlevel10k@latest": {
      "last_modified": "2024-12-03T12:40:06Z",
      "resolved": "github:NixOS/nixpkgs/566e53c2ad750c84f6d31f9ccb9d00f823165550#zsh-powerlevel10k",
      "source": "devbox-search",
      "version": "1.20.0",
      "systems": {
        "aarch64-darwin": {
          "outputs": [
            {
              "name": "out",
              "path": "/nix/store/r16x1yqb2l05c10sfj67p7kzb78cgw8m-powerlevel10k-1.20.0",
              "default": true
            }
          ],
          "store_path": "/nix/store/r16x1yqb2l05c10sfj67p7kzb78cgw8m-powerlevel10k-1.20.0"
        },
        "aarch64-linux": {
          "outputs": [
            {
              "name": "out",
              "path": "/nix/store/25i3zkz4nxcbz4yncj1kdi28js2xdqzx-powerlevel10k-1.20.0",
              "default": true
            }
          ],
          "store_path": "/nix/store/25i3zkz4nxcbz4yncj1kdi28js2xdqzx-powerlevel10k-1.20.0"
        },
        "x86_64-darwin": {
          "outputs": [
            {
              "name": "out",
              "path": "/nix/store/hznsm760alrgqihjysipp231gfr6i50q-powerlevel10k-1.20.0",
              "default": true
            }
          ],
          "store_path": "/nix/store/hznsm760alrgqihjysipp231gfr6i50q-powerlevel10k-1.20.0"
        },
        "x86_64-linux": {
          "outputs": [
            {
              "name": "out",
              "path": "/nix/store/m3rgccy5ylsk81ylk9i3mprll36rrhgp-powerlevel10k-1.20.0",
              "default": true
            }
          ],
          "store_path": "/nix/store/m3rgccy5ylsk81ylk9i3mprll36rrhgp-powerlevel10k-1.20.0"
        }
      }
    }
  }
}
